
Microsoft Visual Studio Solution File, Format Version 12.00
# Visual Studio Version 16
VisualStudioVersion = 16.0.29926.136
MinimumVisualStudioVersion = 10.0.40219.1
Project("{FAE04EC0-301F-11D3-BF4B-00C04F79EFBC}") = "Ateliex.Windows", "Ateliex.Windows\Ateliex.Windows.csproj", "{F6B24066-0BF9-42F8-B22F-E992D20CE183}"
EndProject
Global
	GlobalSection(SolutionConfigurationPlatforms) = preSolution
		Debug|Any CPU = Debug|Any CPU
		Release|Any CPU = Release|Any CPU
	EndGlobalSection
	GlobalSection(ProjectConfigurationPlatforms) = postSolution
		{F6B24066-0BF9-42F8-B22F-E992D20CE183}.Debug|Any CPU.ActiveCfg = Debug|Any CPU
		{F6B24066-0BF9-42F8-B22F-E992D20CE183}.Debug|Any CPU.Build.0 = Debug|Any CPU
		{F6B24066-0BF9-42F8-B22F-E992D20CE183}.Release|Any CPU.ActiveCfg = Release|Any CPU
		{F6B24066-0BF9-42F8-B22F-E992D20CE183}.Release|Any CPU.Build.0 = Release|Any CPU
	EndGlobalSection
	GlobalSection(SolutionProperties) = preSolution
		HideSolutionNode = FALSE
	EndGlobalSection
	GlobalSection(ExtensibilityGlobals) = postSolution
		SolutionGuid = {E9BB0E8E-8149-4435-81B0-9E8BDDDE1016}
	EndGlobalSection
EndGlobal
